
Microsoft Visual Studio Solution File, Format Version 12.00
# Visual Studio Version 16
VisualStudioVersion = 16.0.29519.181
MinimumVisualStudioVersion = 10.0.40219.1
Project("{FAE04EC0-301F-11D3-BF4B-00C04F79EFBC}") = "attendance", "attendance\attendance.csproj", "{CE22D64C-DC08-4D64-9C46-A8B0004E8B57}"
EndProject
Global
	GlobalSection(SolutionConfigurationPlatforms) = preSolution
		Debug|Any CPU = Debug|Any CPU
		Release|Any CPU = Release|Any CPU
	EndGlobalSection
	GlobalSection(ProjectConfigurationPlatforms) = postSolution
		{CE22D64C-DC08-4D64-9C46-A8B0004E8B57}.Debug|Any CPU.ActiveCfg = Debug|Any CPU
		{CE22D64C-DC08-4D64-9C46-A8B0004E8B57}.Debug|Any CPU.Build.0 = Debug|Any CPU
		{CE22D64C-DC08-4D64-9C46-A8B0004E8B57}.Release|Any CPU.ActiveCfg = Release|Any CPU
		{CE22D64C-DC08-4D64-9C46-A8B0004E8B57}.Release|Any CPU.Build.0 = Release|Any CPU
	EndGlobalSection
	GlobalSection(SolutionProperties) = preSolution
		HideSolutionNode = FALSE
	EndGlobalSection
	GlobalSection(ExtensibilityGlobals) = postSolution
		SolutionGuid = {55903FC7-B569-4090-8977-6A158A122D13}
	EndGlobalSection
EndGlobal
